// !$*UTF8*$!
{
	archiveVersion = 1;
	classes = {
	};
	objectVersion = 56;
	objects = {

/* Begin PBXBuildFile section */
		F31A3D432B871FD5003C8B25 /* RealityKitContent in Frameworks */ = {isa = PBXBuildFile; productRef = F31A3D422B871FD5003C8B25 /* RealityKitContent */; };
		F31A3D452B871FD5003C8B25 /* myFirstAppApp.swift in Sources */ = {isa = PBXBuildFile; fileRef = F31A3D442B871FD5003C8B25 /* myFirstAppApp.swift */; };
		F31A3D472B871FD5003C8B25 /* ImageListView.swift in Sources */ = {isa = PBXBuildFile; fileRef = F31A3D462B871FD5003C8B25 /* ImageListView.swift */; };
		F31A3D492B871FD7003C8B25 /* Assets.xcassets in Resources */ = {isa = PBXBuildFile; fileRef = F31A3D482B871FD7003C8B25 /* Assets.xcassets */; };
		F31A3D4C2B871FD7003C8B25 /* Preview Assets.xcassets in Resources */ = {isa = PBXBuildFile; fileRef = F31A3D4B2B871FD7003C8B25 /* Preview Assets.xcassets */; };
		F3FBDA1E2B8F0B510058FAE7 /* MyImage.swift in Sources */ = {isa = PBXBuildFile; fileRef = F3FBDA1D2B8F0B510058FAE7 /* MyImage.swift */; };
		F3FBDA202B8F1CA80058FAE7 /* ImageDetailView.swift in Sources */ = {isa = PBXBuildFile; fileRef = F3FBDA1F2B8F1CA80058FAE7 /* ImageDetailView.swift */; };
		F3FBDA262B9061BA0058FAE7 /* ImageListViewModel.swift in Sources */ = {isa = PBXBuildFile; fileRef = F3FBDA252B9061BA0058FAE7 /* ImageListViewModel.swift */; };
/* End PBXBuildFile section */

/* Begin PBXFileReference section */
		F31A3D3D2B871FD5003C8B25 /* myFirstApp.app */ = {isa = PBXFileReference; explicitFileType = wrapper.application; includeInIndex = 0; path = myFirstApp.app; sourceTree = BUILT_PRODUCTS_DIR; };
		F31A3D412B871FD5003C8B25 /* RealityKitContent */ = {isa = PBXFileReference; lastKnownFileType = wrapper; path = RealityKitContent; sourceTree = "<group>"; };
		F31A3D442B871FD5003C8B25 /* myFirstAppApp.swift */ = {isa = PBXFileReference; lastKnownFileType = sourcecode.swift; path = myFirstAppApp.swift; sourceTree = "<group>"; };
		F31A3D462B871FD5003C8B25 /* ImageListView.swift */ = {isa = PBXFileReference; lastKnownFileType = sourcecode.swift; path = ImageListView.swift; sourceTree = "<group>"; };
		F31A3D482B871FD7003C8B25 /* Assets.xcassets */ = {isa = PBXFileReference; lastKnownFileType = folder.assetcatalog; path = Assets.xcassets; sourceTree = "<group>"; };
		F31A3D4B2B871FD7003C8B25 /* Preview Assets.xcassets */ = {isa = PBXFileReference; lastKnownFileType = folder.assetcatalog; path = "Preview Assets.xcassets"; sourceTree = "<group>"; };
		F31A3D4D2B871FD7003C8B25 /* Info.plist */ = {isa = PBXFileReference; lastKnownFileType = text.plist.xml; path = Info.plist; sourceTree = "<group>"; };
		F3FBDA1D2B8F0B510058FAE7 /* MyImage.swift */ = {isa = PBXFileReference; lastKnownFileType = sourcecode.swift; path = MyImage.swift; sourceTree = "<group>"; };
		F3FBDA1F2B8F1CA80058FAE7 /* ImageDetailView.swift */ = {isa = PBXFileReference; lastKnownFileType = sourcecode.swift; path = ImageDetailView.swift; sourceTree = "<group>"; };
		F3FBDA252B9061BA0058FAE7 /* ImageListViewModel.swift */ = {isa = PBXFileReference; lastKnownFileType = sourcecode.swift; path = ImageListViewModel.swift; sourceTree = "<group>"; };
/* End PBXFileReference section */

/* Begin PBXFrameworksBuildPhase section */
		F31A3D3A2B871FD5003C8B25 /* Frameworks */ = {
			isa = PBXFrameworksBuildPhase;
			buildActionMask = 2147483647;
			files = (
				F31A3D432B871FD5003C8B25 /* RealityKitContent in Frameworks */,
			);
			runOnlyForDeploymentPostprocessing = 0;
		};
/* End PBXFrameworksBuildPhase section */

/* Begin PBXGroup section */
		F31A3D342B871FD5003C8B25 = {
			isa = PBXGroup;
			children = (
				F31A3D3F2B871FD5003C8B25 /* myFirstApp */,
				F31A3D402B871FD5003C8B25 /* Packages */,
				F31A3D3E2B871FD5003C8B25 /* Products */,
			);
			sourceTree = "<group>";
		};
		F31A3D3E2B871FD5003C8B25 /* Products */ = {
			isa = PBXGroup;
			children = (
				F31A3D3D2B871FD5003C8B25 /* myFirstApp.app */,
			);
			name = Products;
			sourceTree = "<group>";
		};
		F31A3D3F2B871FD5003C8B25 /* myFirstApp */ = {
			isa = PBXGroup;
			children = (
				F31A3D442B871FD5003C8B25 /* myFirstAppApp.swift */,
				F3FBDA212B9061070058FAE7 /* Model */,
				F3FBDA222B9061220058FAE7 /* View */,
				F3FBDA242B9061630058FAE7 /* View Model */,
				F3FBDA232B9061350058FAE7 /* Files */,
				F31A3D4A2B871FD7003C8B25 /* Preview Content */,
			);
			path = myFirstApp;
			sourceTree = "<group>";
		};
		F31A3D402B871FD5003C8B25 /* Packages */ = {
			isa = PBXGroup;
			children = (
				F31A3D412B871FD5003C8B25 /* RealityKitContent */,
			);
			path = Packages;
			sourceTree = "<group>";
		};
		F31A3D4A2B871FD7003C8B25 /* Preview Content */ = {
			isa = PBXGroup;
			children = (
				F31A3D4B2B871FD7003C8B25 /* Preview Assets.xcassets */,
			);
			path = "Preview Content";
			sourceTree = "<group>";
		};
		F3FBDA212B9061070058FAE7 /* Model */ = {
			isa = PBXGroup;
			children = (
				F3FBDA1D2B8F0B510058FAE7 /* MyImage.swift */,
			);
			path = Model;
			sourceTree = "<group>";
		};
		F3FBDA222B9061220058FAE7 /* View */ = {
			isa = PBXGroup;
			children = (
				F31A3D462B871FD5003C8B25 /* ImageListView.swift */,
				F3FBDA1F2B8F1CA80058FAE7 /* ImageDetailView.swift */,
			);
			path = View;
			sourceTree = "<group>";
		};
		F3FBDA232B9061350058FAE7 /* Files */ = {
			isa = PBXGroup;
			children = (
				F31A3D482B871FD7003C8B25 /* Assets.xcassets */,
				F31A3D4D2B871FD7003C8B25 /* Info.plist */,
			);
			name = Files;
			sourceTree = "<group>";
		};
		F3FBDA242B9061630058FAE7 /* View Model */ = {
			isa = PBXGroup;
			children = (
				F3FBDA252B9061BA0058FAE7 /* ImageListViewModel.swift */,
			);
			path = "View Model";
			sourceTree = "<group>";
		};
/* End PBXGroup section */

/* Begin PBXNativeTarget section */
		F31A3D3C2B871FD5003C8B25 /* myFirstApp */ = {
			isa = PBXNativeTarget;
			buildConfigurationList = F31A3D502B871FD7003C8B25 /* Build configuration list for PBXNativeTarget "myFirstApp" */;
			buildPhases = (
				F31A3D392B871FD5003C8B25 /* Sources */,
				F31A3D3A2B871FD5003C8B25 /* Frameworks */,
				F31A3D3B2B871FD5003C8B25 /* Resources */,
			);
			buildRules = (
			);
			dependencies = (
			);
			name = myFirstApp;
			packageProductDependencies = (
				F31A3D422B871FD5003C8B25 /* RealityKitContent */,
			);
			productName = myFirstApp;
			productReference = F31A3D3D2B871FD5003C8B25 /* myFirstApp.app */;
			productType = "com.apple.product-type.application";
		};
/* End PBXNativeTarget section */

/* Begin PBXProject section */
		F31A3D352B871FD5003C8B25 /* Project object */ = {
			isa = PBXProject;
			attributes = {
				BuildIndependentTargetsInParallel = 1;
				LastSwiftUpdateCheck = 1520;
				LastUpgradeCheck = 1520;
				TargetAttributes = {
					F31A3D3C2B871FD5003C8B25 = {
						CreatedOnToolsVersion = 15.2;
					};
				};
			};
			buildConfigurationList = F31A3D382B871FD5003C8B25 /* Build configuration list for PBXProject "myFirstApp" */;
			compatibilityVersion = "Xcode 14.0";
			developmentRegion = en;
			hasScannedForEncodings = 0;
			knownRegions = (
				en,
				Base,
			);
			mainGroup = F31A3D342B871FD5003C8B25;
			productRefGroup = F31A3D3E2B871FD5003C8B25 /* Products */;
			projectDirPath = "";
			projectRoot = "";
			targets = (
				F31A3D3C2B871FD5003C8B25 /* myFirstApp */,
			);
		};
/* End PBXProject section */

/* Begin PBXResourcesBuildPhase section */
		F31A3D3B2B871FD5003C8B25 /* Resources */ = {
			isa = PBXResourcesBuildPhase;
			buildActionMask = 2147483647;
			files = (
				F31A3D4C2B871FD7003C8B25 /* Preview Assets.xcassets in Resources */,
				F31A3D492B871FD7003C8B25 /* Assets.xcassets in Resources */,
			);
			runOnlyForDeploymentPostprocessing = 0;
		};
/* End PBXResourcesBuildPhase section */

/* Begin PBXSourcesBuildPhase section */
		F31A3D392B871FD5003C8B25 /* Sources */ = {
			isa = PBXSourcesBuildPhase;
			buildActionMask = 2147483647;
			files = (
				F31A3D472B871FD5003C8B25 /* ImageListView.swift in Sources */,
				F3FBDA262B9061BA0058FAE7 /* ImageListViewModel.swift in Sources */,
				F3FBDA202B8F1CA80058FAE7 /* ImageDetailView.swift in Sources */,
				F3FBDA1E2B8F0B510058FAE7 /* MyImage.swift in Sources */,
				F31A3D452B871FD5003C8B25 /* myFirstAppApp.swift in Sources */,
			);
			runOnlyForDeploymentPostprocessing = 0;
		};
/* End PBXSourcesBuildPhase section */

/* Begin XCBuildConfiguration section */
		F31A3D4E2B871FD7003C8B25 /* Debug */ = {
			isa = XCBuildConfiguration;
			buildSettings = {
				ALWAYS_SEARCH_USER_PATHS = NO;
				ASSETCATALOG_COMPILER_GENERATE_SWIFT_ASSET_SYMBOL_EXTENSIONS = YES;
				CLANG_ANALYZER_NONNULL = YES;
				CLANG_ANALYZER_NUMBER_OBJECT_CONVERSION = YES_AGGRESSIVE;
				CLANG_CXX_LANGUAGE_STANDARD = "gnu++20";
				CLANG_ENABLE_MODULES = YES;
				CLANG_ENABLE_OBJC_ARC = YES;
				CLANG_ENABLE_OBJC_WEAK = YES;
				CLANG_WARN_BLOCK_CAPTURE_AUTORELEASING = YES;
				CLANG_WARN_BOOL_CONVERSION = YES;
				CLANG_WARN_COMMA = YES;
				CLANG_WARN_CONSTANT_CONVERSION = YES;
				CLANG_WARN_DEPRECATED_OBJC_IMPLEMENTATIONS = YES;
				CLANG_WARN_DIRECT_OBJC_ISA_USAGE = YES_ERROR;
				CLANG_WARN_DOCUMENTATION_COMMENTS = YES;
				CLANG_WARN_EMPTY_BODY = YES;
				CLANG_WARN_ENUM_CONVERSION = YES;
				CLANG_WARN_INFINITE_RECURSION = YES;
				CLANG_WARN_INT_CONVERSION = YES;
				CLANG_WARN_NON_LITERAL_NULL_CONVERSION = YES;
				CLANG_WARN_OBJC_IMPLICIT_RETAIN_SELF = YES;
				CLANG_WARN_OBJC_LITERAL_CONVERSION = YES;
				CLANG_WARN_OBJC_ROOT_CLASS = YES_ERROR;
				CLANG_WARN_QUOTED_INCLUDE_IN_FRAMEWORK_HEADER = YES;
				CLANG_WARN_RANGE_LOOP_ANALYSIS = YES;
				CLANG_WARN_STRICT_PROTOTYPES = YES;
				CLANG_WARN_SUSPICIOUS_MOVE = YES;
				CLANG_WARN_UNGUARDED_AVAILABILITY = YES_AGGRESSIVE;
				CLANG_WARN_UNREACHABLE_CODE = YES;
				CLANG_WARN__DUPLICATE_METHOD_MATCH = YES;
				COPY_PHASE_STRIP = NO;
				DEBUG_INFORMATION_FORMAT = dwarf;
				ENABLE_STRICT_OBJC_MSGSEND = YES;
				ENABLE_TESTABILITY = YES;
				ENABLE_USER_SCRIPT_SANDBOXING = YES;
				GCC_C_LANGUAGE_STANDARD = gnu17;
				GCC_DYNAMIC_NO_PIC = NO;
				GCC_NO_COMMON_BLOCKS = YES;
				GCC_OPTIMIZATION_LEVEL = 0;
				GCC_PREPROCESSOR_DEFINITIONS = (
					"DEBUG=1",
					"$(inherited)",
				);
				GCC_WARN_64_TO_32_BIT_CONVERSION = YES;
				GCC_WARN_ABOUT_RETURN_TYPE = YES_ERROR;
				GCC_WARN_UNDECLARED_SELECTOR = YES;
				GCC_WARN_UNINITIALIZED_AUTOS = YES_AGGRESSIVE;
				GCC_WARN_UNUSED_FUNCTION = YES;
				GCC_WARN_UNUSED_VARIABLE = YES;
				LOCALIZATION_PREFERS_STRING_CATALOGS = YES;
				MTL_ENABLE_DEBUG_INFO = INCLUDE_SOURCE;
				MTL_FAST_MATH = YES;
				ONLY_ACTIVE_ARCH = YES;
				SDKROOT = xros;
				SWIFT_ACTIVE_COMPILATION_CONDITIONS = "DEBUG $(inherited)";
				SWIFT_OPTIMIZATION_LEVEL = "-Onone";
				XROS_DEPLOYMENT_TARGET = 1.0;
			};
			name = Debug;
		};
		F31A3D4F2B871FD7003C8B25 /* Release */ = {
			isa = XCBuildConfiguration;
			buildSettings = {
				ALWAYS_SEARCH_USER_PATHS = NO;
				ASSETCATALOG_COMPILER_GENERATE_SWIFT_ASSET_SYMBOL_EXTENSIONS = YES;
				CLANG_ANALYZER_NONNULL = YES;
				CLANG_ANALYZER_NUMBER_OBJECT_CONVERSION = YES_AGGRESSIVE;
				CLANG_CXX_LANGUAGE_STANDARD = "gnu++20";
				CLANG_ENABLE_MODULES = YES;
				CLANG_ENABLE_OBJC_ARC = YES;
				CLANG_ENABLE_OBJC_WEAK = YES;
				CLANG_WARN_BLOCK_CAPTURE_AUTORELEASING = YES;
				CLANG_WARN_BOOL_CONVERSION = YES;
				CLANG_WARN_COMMA = YES;
				CLANG_WARN_CONSTANT_CONVERSION = YES;
				CLANG_WARN_DEPRECATED_OBJC_IMPLEMENTATIONS = YES;
				CLANG_WARN_DIRECT_OBJC_ISA_USAGE = YES_ERROR;
				CLANG_WARN_DOCUMENTATION_COMMENTS = YES;
				CLANG_WARN_EMPTY_BODY = YES;
				CLANG_WARN_ENUM_CONVERSION = YES;
				CLANG_WARN_INFINITE_RECURSION = YES;
				CLANG_WARN_INT_CONVERSION = YES;
				CLANG_WARN_NON_LITERAL_NULL_CONVERSION = YES;
				CLANG_WARN_OBJC_IMPLICIT_RETAIN_SELF = YES;
				CLANG_WARN_OBJC_LITERAL_CONVERSION = YES;
				CLANG_WARN_OBJC_ROOT_CLASS = YES_ERROR;
				CLANG_WARN_QUOTED_INCLUDE_IN_FRAMEWORK_HEADER = YES;
				CLANG_WARN_RANGE_LOOP_ANALYSIS = YES;
				CLANG_WARN_STRICT_PROTOTYPES = YES;
				CLANG_WARN_SUSPICIOUS_MOVE = YES;
				CLANG_WARN_UNGUARDED_AVAILABILITY = YES_AGGRESSIVE;
				CLANG_WARN_UNREACHABLE_CODE = YES;
				CLANG_WARN__DUPLICATE_METHOD_MATCH = YES;
				COPY_PHASE_STRIP = NO;
				DEBUG_INFORMATION_FORMAT = "dwarf-with-dsym";
				ENABLE_NS_ASSERTIONS = NO;
				ENABLE_STRICT_OBJC_MSGSEND = YES;
				ENABLE_USER_SCRIPT_SANDBOXING = YES;
				GCC_C_LANGUAGE_STANDARD = gnu17;
				GCC_NO_COMMON_BLOCKS = YES;
				GCC_WARN_64_TO_32_BIT_CONVERSION = YES;
				GCC_WARN_ABOUT_RETURN_TYPE = YES_ERROR;
				GCC_WARN_UNDECLARED_SELECTOR = YES;
				GCC_WARN_UNINITIALIZED_AUTOS = YES_AGGRESSIVE;
				GCC_WARN_UNUSED_FUNCTION = YES;
				GCC_WARN_UNUSED_VARIABLE = YES;
				LOCALIZATION_PREFERS_STRING_CATALOGS = YES;
				MTL_ENABLE_DEBUG_INFO = NO;
				MTL_FAST_MATH = YES;
				SDKROOT = xros;
				SWIFT_COMPILATION_MODE = wholemodule;
				VALIDATE_PRODUCT = YES;
				XROS_DEPLOYMENT_TARGET = 1.0;
			};
			name = Release;
		};
		F31A3D512B871FD7003C8B25 /* Debug */ = {
			isa = XCBuildConfiguration;
			buildSettings = {
				ASSETCATALOG_COMPILER_APPICON_NAME = AppIcon;
				ASSETCATALOG_COMPILER_GLOBAL_ACCENT_COLOR_NAME = AccentColor;
				CODE_SIGN_STYLE = Automatic;
				CURRENT_PROJECT_VERSION = 1;
				DEVELOPMENT_ASSET_PATHS = "\"myFirstApp/Preview Content\"";
				DEVELOPMENT_TEAM = WT2DZRQ5QP;
				ENABLE_PREVIEWS = YES;
				GENERATE_INFOPLIST_FILE = YES;
				INFOPLIST_FILE = "$(TARGET_NAME)/Info.plist";
				LD_RUNPATH_SEARCH_PATHS = (
					"$(inherited)",
					"@executable_path/Frameworks",
				);
				MARKETING_VERSION = 1.0;
				PRODUCT_BUNDLE_IDENTIFIER = com.gali.myFirstApp;
				PRODUCT_NAME = "$(TARGET_NAME)";
				SUPPORTED_PLATFORMS = "xros xrsimulator";
				SWIFT_EMIT_LOC_STRINGS = YES;
				SWIFT_VERSION = 5.0;
				TARGETED_DEVICE_FAMILY = "1,2,7";
			};
			name = Debug;
		};
		F31A3D522B871FD7003C8B25 /* Release */ = {
			isa = XCBuildConfiguration;
			buildSettings = {
				ASSETCATALOG_COMPILER_APPICON_NAME = AppIcon;
				ASSETCATALOG_COMPILER_GLOBAL_ACCENT_COLOR_NAME = AccentColor;
				CODE_SIGN_STYLE = Automatic;
				CURRENT_PROJECT_VERSION = 1;
				DEVELOPMENT_ASSET_PATHS = "\"myFirstApp/Preview Content\"";
				DEVELOPMENT_TEAM = WT2DZRQ5QP;
				ENABLE_PREVIEWS = YES;
				GENERATE_INFOPLIST_FILE = YES;
				INFOPLIST_FILE = "$(TARGET_NAME)/Info.plist";
				LD_RUNPATH_SEARCH_PATHS = (
					"$(inherited)",
					"@executable_path/Frameworks",
				);
				MARKETING_VERSION = 1.0;
				PRODUCT_BUNDLE_IDENTIFIER = com.gali.myFirstApp;
				PRODUCT_NAME = "$(TARGET_NAME)";
				SUPPORTED_PLATFORMS = "xros xrsimulator";
				SWIFT_EMIT_LOC_STRINGS = YES;
				SWIFT_VERSION = 5.0;
				TARGETED_DEVICE_FAMILY = "1,2,7";
			};
			name = Release;
		};
/* End XCBuildConfiguration section */

/* Begin XCConfigurationList section */
		F31A3D382B871FD5003C8B25 /* Build configuration list for PBXProject "myFirstApp" */ = {
			isa = XCConfigurationList;
			buildConfigurations = (
				F31A3D4E2B871FD7003C8B25 /* Debug */,
				F31A3D4F2B871FD7003C8B25 /* Release */,
			);
			defaultConfigurationIsVisible = 0;
			defaultConfigurationName = Release;
		};
		F31A3D502B871FD7003C8B25 /* Build configuration list for PBXNativeTarget "myFirstApp" */ = {
			isa = XCConfigurationList;
			buildConfigurations = (
				F31A3D512B871FD7003C8B25 /* Debug */,
				F31A3D522B871FD7003C8B25 /* Release */,
			);
			defaultConfigurationIsVisible = 0;
			defaultConfigurationName = Release;
		};
/* End XCConfigurationList section */

/* Begin XCSwiftPackageProductDependency section */
		F31A3D422B871FD5003C8B25 /* RealityKitContent */ = {
			isa = XCSwiftPackageProductDependency;
			productName = RealityKitContent;
		};
/* End XCSwiftPackageProductDependency section */
	};
	rootObject = F31A3D352B871FD5003C8B25 /* Project object */;
}
